version = 1
revision = 3
requires-python = "==3.12.*"

[[package]]
name = "aria-assistant"
version = "0.1.0"
source = { editable = "." }
dependencies = [
    { name = "pillow" },
    { name = "pycaw" },
    { name = "send2trash" },
]

[package.dev-dependencies]
dev = [
    { name = "pytest" },
    { name = "pytest-cov" },
]

[package.metadata]
requires-dist = [
    { name = "pillow", specifier = ">=11.0" },
    { name = "pycaw", specifier = ">=20240210" },
    { name = "send2trash", specifier = ">=1.8" },
]

[package.metadata.requires-dev]
dev = [
    { name = "pytest", specifier = ">=8.3" },
    { name = "pytest-cov", specifier = ">=6.0" },
]

[[package]]
name = "colorama"
version = "0.4.6"
source = { registry = "https://pypi.org/simple" }
sdist = { url = "https://files.pythonhosted.org/packages/d8/53/6f443c9a4a8358a93a6792e2acffb9d9d5cb0a5cfd8802644b7b1c9a02e4/colorama-0.4.6.tar.gz", hash = "sha256:08695f5cb7ed6e0531a20572697297273c47b8cae5a63ffc6d6ed5c201be6e44", size = 27697, upload-time = "2022-10-25T02:36:22.414Z" }
wheels = [
    { url = "https://files.pythonhosted.org/packages/d1/d6/3965ed04c63042e047cb6a3e6ed1a63a35087b6a609aa3a15ed8ac56c221/colorama-0.4.6-py2.py3-none-any.whl", hash = "sha256:4f1d9991f5acc0ca119f9d443620b77f9d6b33703e51011c16baf57afb285fc6", size = 25335, upload-time = "2022-10-25T02:36:20.889Z" },
]

[[package]]
name = "comtypes"
version = "1.4.17"
source = { registry = "https://pypi.org/simple" }
sdist = { url = "https://files.pythonhosted.org/packages/0e/ff/c7836bd0d78fc615281016f154f514e9d523d7cb9ab9e8b4d344adc5f5e7/comtypes-1.4.17.tar.gz", hash = "sha256:3d9c1e92ad8daf7600d371e76ee16161a627a5fb70c3144f6e52e78af6034363", size = 262743, upload-time = "2026-09-21T08:08:07.687Z" }
wheels = [
    { url = "https://files.pythonhosted.org/packages/89/9c/d0bc1fb69ad22a04bdc01dd9b5613a2ebc4d02ba1ec24b02127dc93791ba/comtypes-1.4.17-py3-none-any.whl", hash = "sha256:4e0a221dde2c589b82977bed802efd71cd5eb67a380347b732e02735e597f586", size = 298743, upload-time = "2026-09-21T08:08:06.461Z" },
]

[[package]]
name = "coverage"
version = "7.16.1"
source = { registry = "https://pypi.org/simple" }
sdist = { url = "https://files.pythonhosted.org/packages/65/2d/c738872f477f5687152acae68635790387425d407ae37dd3d3a8a6692307/coverage-7.16.1.tar.gz", hash = "sha256:f83981779bcf9dfa06fa0a8d4cb43e0faec1706328ce07aa3e7b665b4ac0f210", size = 969651, upload-time = "2026-09-13T19:12:21.422Z" }
wheels = [
    { url = "https://files.pythonhosted.org/packages/1a/f7/7cd4c9f2a3b7574414222ec425d5eee21cc690d867a013315e3be8ba185c/coverage-7.16.1-cp312-cp312-macosx_10_13_x86_64.whl", hash = "sha256:b7f2c26ce6ce0b1e0ca0d5fae96ea510e3a2e78b7207f06e76b7f2c87fa3d0af", size = 223475, upload-time = "2026-09-13T19:09:10.145Z" },
    { url = "https://files.pythonhosted.org/packages/3e/f2/9ac65f9cedd43f91e2d3657c11f13aef82aebae89b2243dc9e44fe58a740/coverage-7.16.1-cp312-cp312-macosx_11_0_arm64.whl", hash = "sha256:070acb9da788dff743a4d36fc015feee12d68f0349959017542017c79f59c21c", size = 223845, upload-time = "2026-09-13T19:09:11.988Z" },
    { url = "https://files.pythonhosted.org/packages/62/4d/f13db452d4367fe1122abfd98ae330596f65a3b40498f8e1a5811f68f123/coverage-7.16.1-cp312-cp312-manylinux1_i686.manylinux_2_28_i686.manylinux_2_5_i686.whl", hash = "sha256:e366587b370bc9b8b51b7b7272c610c56db5d5b4795b9e4a29d28ff2f440f809", size = 255341, upload-time = "2026-09-13T19:09:13.708Z" },
    { url = "https://files.pythonhosted.org/packages/5d/6b/85ed86e82835a96ddfbe7705c387c28ce1cbbecd1b6d606f5ddfeeb712df/coverage-7.16.1-cp312-cp312-manylinux1_x86_64.manylinux_2_28_x86_64.manylinux_2_5_x86_64.whl", hash = "sha256:e82e10b9d290f60b63459cfb245a841aec347603997206296b93881463a93dcf", size = 258078, upload-time = "2026-09-13T19:09:15.368Z" },
    { url = "https://files.pythonhosted.org/packages/cd/d2/f66945853d850b9c05f4e012e37396f1f31d0cd40d062394b229c22e7b56/coverage-7.16.1-cp312-cp312-manylinux2014_aarch64.manylinux_2_17_aarch64.manylinux_2_28_aarch64.whl", hash = "sha256:3d73bb1f85c4150ac208fb0755beb04b2e44897bad81414de9380f98dd74729f", size = 259191, upload-time = "2026-09-13T19:09:17.046Z" },
    { url = "https://files.pythonhosted.org/packages/77/a1/7b907abe62461f289035c7ac60ab3e6334efb8c425151aac4abfa0c97820/coverage-7.16.1-cp312-cp312-manylinux2014_ppc64le.manylinux_2_17_ppc64le.manylinux_2_28_ppc64le.whl", hash = "sha256:3397b9032553d281ad6a9253b12675b65e0cc8cd7a3b0633cf48872c9eb13360", size = 261452, upload-time = "2026-09-13T19:09:18.756Z" },
    { url = "https://files.pythonhosted.org/packages/51/e6/e26f4d6b1069a2a2fee3238a132f85c5b4c1dc25aebd88e015451ff0bd68/coverage-7.16.1-cp312-cp312-manylinux_2_31_riscv64.manylinux_2_39_riscv64.whl", hash = "sha256:77890395cf37026a5907d3ad32376aa51f41c0f163b7477fdbd4f94966cc1d08", size = 255698, upload-time = "2026-09-13T19:09:20.786Z" },
    { url = "https://files.pythonhosted.org/packages/7f/ec/99db7450e813050ebce300e31bbd4f997c76a8c6e3a6d168c5dffc104109/coverage-7.16.1-cp312-cp312-musllinux_1_2_aarch64.whl", hash = "sha256:b0944dc3bee3091039bf970d73caaf930c906013128a421bdc132e797494d941", size = 257111, upload-time = "2026-09-13T19:09:22.693Z" },
    { url = "https://files.pythonhosted.org/packages/2e/9d/500df9d3cd8c541ac84b5e0bcab00646be75654e05aa34e8410ec851282d/coverage-7.16.1-cp312-cp312-musllinux_1_2_i686.whl", hash = "sha256:b89d22a89d5bc05dd95b64e08295b8394aa96dc88e08f8ba210c9ebfebbe0489", size = 255258, upload-time = "2026-09-13T19:09:24.429Z" },
    { url = "https://files.pythonhosted.org/packages/c0/24/53318d96da332bb4946f8ac646fa19fd37fecbd0c49144735c716ac69bf0/coverage-7.16.1-cp312-cp312-musllinux_1_2_ppc64le.whl", hash = "sha256:550a2a1faf7559f13d5344f12d1eb886ad87955155d7dfab2a3fe5c8ec8fe776", size = 259326, upload-time = "2026-09-13T19:09:26.32Z" },
    { url = "https://files.pythonhosted.org/packages/c5/ce/abc0462b2e6ae96ae22197d2bc30fe33b6b4e52937e782745436ceb2a761/coverage-7.16.1-cp312-cp312-musllinux_1_2_riscv64.whl", hash = "sha256:55eb268e5b81aefac759766c9162625b06c1bedb7b77d936225bafc4f038a6f6", size = 254827, upload-time = "2026-09-13T19:09:28.191Z" },
    { url = "https://files.pythonhosted.org/packages/8b/e1/0a04eedaaf19196b51f0180968134228c7646e469ed29914e48690a7cf3e/coverage-7.16.1-cp312-cp312-musllinux_1_2_x86_64.whl", hash = "sha256:65a8fc80898c9ce59f04349fe8b4849b1f9787f14e52ead990e5f849ff4727a0", size = 256698, upload-time = "2026-09-13T19:09:29.922Z" },
    { url = "https://files.pythonhosted.org/packages/de/1d/d441a55cf22ce9d8e9e34814806c47441ab844bd534e0f4b64e1c6ae8bd1/coverage-7.16.1-cp312-cp312-win32.whl", hash = "sha256:528a61be40977c340cf201d23b69bd6a6bab507da60e9dbda85f8b30e935d70d", size = 225541, upload-time = "2026-09-13T19:09:31.752Z" },
    { url = "https://files.pythonhosted.org/packages/73/27/ec3d032375735dd331477caa051419678079ff90fcb53d0284a6c2bfb757/coverage-7.16.1-cp312-cp312-win_amd64.whl", hash = "sha256:d0f02c633630e2b74522108ee95a84ad6e1204a8016a6cca5297f335ea27147e", size = 226075, upload-time = "2026-09-13T19:09:33.556Z" },
    { url = "https://files.pythonhosted.org/packages/94/00/90e9f5c4434878494306b9c0ee8068ebbd829483737d8cefccc58884d728/coverage-7.16.1-cp312-cp312-win_arm64.whl", hash = "sha256:2959978f9d1d20a2c0c15d0a68baaeccf615ac1aa214cf4a05a10d6f568926c8", size = 225461, upload-time = "2026-09-13T19:09:35.48Z" },
    { url = "https://files.pythonhosted.org/packages/96/1a/d6d16babd0a5fe4c3fae40702158c570351694e74516d8d81b86c5637448/coverage-7.16.1-py3-none-any.whl", hash = "sha256:3d8bd4e58b6a5c2018d808f297905393c6c61da466a48c3f0596a76a4900ebe4", size = 215264, upload-time = "2026-09-13T19:12:18.895Z" },
]

[[package]]
name = "iniconfig"
version = "2.3.0"
source = { registry = "https://pypi.org/simple" }
sdist = { url = "https://files.pythonhosted.org/packages/72/34/14ca021ce8e5dfedc35312d08ba8bf51fdd999c576889fc2c24cb97f4f10/iniconfig-2.3.0.tar.gz", hash = "sha256:c76315c77db068650d49c5b56314774a7804df16fee4402c1f19d6d15d8c4730", size = 20503, upload-time = "2025-10-18T21:55:43.219Z" }
wheels = [
    { url = "https://files.pythonhosted.org/packages/cb/b1/3846dd7f199d53cb17f49cba7e651e9ce294d8497c8c150530ed11865bb8/iniconfig-2.3.0-py3-none-any.whl", hash = "sha256:f631c04d2c48c52b84d0d0549c99ff3859c98df65b3101406327ecc7d53fbf12", size = 7484, upload-time = "2025-10-18T21:55:41.639Z" },
]

[[package]]
name = "packaging"
version = "26.3"
source = { registry = "https://pypi.org/simple" }
sdist = { url = "https://files.pythonhosted.org/packages/7d/fa/3944b40b07da9ce895c0e6303a5ab7d53da063554f534556b134a54d6093/packaging-26.3.tar.gz", hash = "sha256:94edc256424af38762eb31306eed28beb9f0efc50a8837492c9d6fd6004aed79", size = 313412, upload-time = "2026-08-04T18:15:28.737Z" }
wheels = [
    { url = "https://files.pythonhosted.org/packages/63/34/ba1c580383c9eada3711951fef0795c80b829a078d72188184bcab9dd527/packaging-26.3-py3-none-any.whl", hash = "sha256:d7193f7c8e4e93f444fde0262bf90af30e16fa0ad0ad44cb553c87339b23cd1c", size = 129956, upload-time = "2026-08-04T18:15:27.159Z" },
]

[[package]]
name = "pillow"
version = "12.3.0"
source = { registry = "https://pypi.org/simple" }
sdist = { url = "https://files.pythonhosted.org/packages/1c/3d/bb7fca845737cf9d7dbde16ed1843984665ff2e0a518f5db43e77ec540b9/pillow-12.3.0.tar.gz", hash = "sha256:3b8182a766685eaa002637e28b4ec8d6b18819a0c71f579bf0dbaa5830297cce", size = 47025035, upload-time = "2026-07-01T11:56:38.965Z" }
wheels = [
    { url = "https://files.pythonhosted.org/packages/37/bf/fb3ebff8ddcb76aac5a01389251bbbb9519922a9b520d8247c1ca864a25d/pillow-12.3.0-cp312-cp312-macosx_10_13_x86_64.whl", hash = "sha256:ba09209fbe443b4acccebe845d8a138b89a8f4fbaeedd44953490b5315d5e965", size = 5345969, upload-time = "2026-07-01T11:54:06.397Z" },
    { url = "https://files.pythonhosted.org/packages/d8/66/9a386a92561f402389a4fc70c18838bf6d35eb5eb5c6850b4b2dc64f5048/pillow-12.3.0-cp312-cp312-macosx_11_0_arm64.whl", hash = "sha256:ffd0c5368496f41b0944be820fcb7a838aa6e623d250b01acf2643939c3f99d7", size = 4780323, upload-time = "2026-07-01T11:54:09.351Z" },
    { url = "https://files.pythonhosted.org/packages/25/27/ac8f99618ffd3dde21db0f4d4b1d2ab00c0880595bfd17df103f7f39fd0c/pillow-12.3.0-cp312-cp312-manylinux_2_27_aarch64.manylinux_2_28_aarch64.whl", hash = "sha256:d9c7f76c0673154f044e9d78c8655fb4213f6ca31a836df48b40fe5d187717b9", size = 6266838, upload-time = "2026-07-01T11:54:11.71Z" },
    { url = "https://files.pythonhosted.org/packages/84/21/a35af28dcc61f37ed850a2d64c65c701321dfbf25085e469d5559360cbbf/pillow-12.3.0-cp312-cp312-manylinux_2_27_x86_64.manylinux_2_28_x86_64.whl", hash = "sha256:78cb2c6865a35ab8ff8b75fd122f6033b92a62c82801110e48ddd6c936a45d91", size = 6940830, upload-time = "2026-07-01T11:54:13.732Z" },
    { url = "https://files.pythonhosted.org/packages/eb/51/8b08617af3ad95e33ce6d7dd2c99ed6c8298f7fb131636303956be022e25/pillow-12.3.0-cp312-cp312-musllinux_1_2_aarch64.whl", hash = "sha256:e491916b378fba47242221bb9ead245211b70d504f495d105d17b14a24b4907c", size = 6344383, upload-time = "2026-07-01T11:54:15.756Z" },
    { url = "https://files.pythonhosted.org/packages/1d/72/cf78ac9780bb93c28328f408973845a309d4d145041665f734572ced1b52/pillow-12.3.0-cp312-cp312-musllinux_1_2_x86_64.whl", hash = "sha256:0dd2064cbc55aaec028ef5fbb60fa47bb6c3e7918e07ff17935284b227a9d2df", size = 7052934, upload-time = "2026-07-01T11:54:17.721Z" },
    { url = "https://files.pythonhosted.org/packages/20/20/25e0f4dc178a6bc0696793720055519a0de89e7661dae886992decbd2f81/pillow-12.3.0-cp312-cp312-win32.whl", hash = "sha256:dbce0b29841537a2fa4a214c2bbf14de3587c9680caa9b4e217568472490b28f", size = 6472684, upload-time = "2026-07-01T11:54:19.839Z" },
    { url = "https://files.pythonhosted.org/packages/45/89/da2f7971a317f83d807fdd4065c0af40208e59e692cc43d315a71a0e96d1/pillow-12.3.0-cp312-cp312-win_amd64.whl", hash = "sha256:a2b55dd6b2a4c4b7d87ffa56bdb33fdc5fdb9a462173861a7bc097f17d91cb09", size = 7227137, upload-time = "2026-07-01T11:54:22.025Z" },
    { url = "https://files.pythonhosted.org/packages/de/47/4845a0a6c0dbf1db8456bd9fc791f13c5ced7ced20606d08a0aacfd25b49/pillow-12.3.0-cp312-cp312-win_arm64.whl", hash = "sha256:331b624368d4f1d069149002f25f44bc61c8919ce8ddb3c45bdad8f6e2d89510", size = 2568267, upload-time = "2026-07-01T11:54:24.051Z" },
]

[[package]]
name = "pluggy"
version = "1.6.0"
source = { registry = "https://pypi.org/simple" }
sdist = { url = "https://files.pythonhosted.org/packages/f9/e2/3e91f31a7d2b083fe6ef3fa267035b518369d9511ffab804f839851d2779/pluggy-1.6.0.tar.gz", hash = "sha256:7dcc130b76258d33b90f61b658791dede3486c3e6bfb003ee5c9bfb396dd22f3", size = 69412, upload-time = "2025-05-15T12:30:07.975Z" }
wheels = [
    { url = "https://files.pythonhosted.org/packages/54/20/4d324d65cc6d9205fabedc306948156824eb9f0ee1633355a8f7ec5c66bf/pluggy-1.6.0-py3-none-any.whl", hash = "sha256:e920276dd6813095e9377c0bc5566d94c932c33b27a3e3945d8389c374dd4746", size = 20538, upload-time = "2025-05-15T12:30:06.134Z" },
]

[[package]]
name = "psutil"
version = "7.2.2"
source = { registry = "https://pypi.org/simple" }
sdist = { url = "https://files.pythonhosted.org/packages/aa/c6/d1ddf4abb55e93cebc4f2ed8b5d6dbad109ecb8d63748dd2b20ab5e57ebe/psutil-7.2.2.tar.gz", hash = "sha256:0746f5f8d406af344fd547f1c8daa5f5c33dbc293bb8d6a16d80b4bb88f59372", size = 493740, upload-time = "2026-01-28T18:14:54.428Z" }
wheels = [
    { url = "https://files.pythonhosted.org/packages/e7/36/5ee6e05c9bd427237b11b3937ad82bb8ad2752d72c6969314590dd0c2f6e/psutil-7.2.2-cp36-abi3-macosx_10_9_x86_64.whl", hash = "sha256:ed0cace939114f62738d808fdcecd4c869222507e266e574799e9c0faa17d486", size = 129090, upload-time = "2026-01-28T18:15:22.168Z" },
    { url = "https://files.pythonhosted.org/packages/80/c4/f5af4c1ca8c1eeb2e92ccca14ce8effdeec651d5ab6053c589b074eda6e1/psutil-7.2.2-cp36-abi3-macosx_11_0_arm64.whl", hash = "sha256:1a7b04c10f32cc88ab39cbf606e117fd74721c831c98a27dc04578deb0c16979", size = 129859, upload-time = "2026-01-28T18:15:23.795Z" },
    { url = "https://files.pythonhosted.org/packages/b5/70/5d8df3b09e25bce090399cf48e452d25c935ab72dad19406c77f4e828045/psutil-7.2.2-cp36-abi3-manylinux2010_x86_64.manylinux_2_12_x86_64.manylinux_2_28_x86_64.whl", hash = "sha256:076a2d2f923fd4821644f5ba89f059523da90dc9014e85f8e45a5774ca5bc6f9", size = 155560, upload-time = "2026-01-28T18:15:25.976Z" },
    { url = "https://files.pythonhosted.org/packages/63/65/37648c0c158dc222aba51c089eb3bdfa238e621674dc42d48706e639204f/psutil-7.2.2-cp36-abi3-manylinux2014_aarch64.manylinux_2_17_aarch64.manylinux_2_28_aarch64.whl", hash = "sha256:b0726cecd84f9474419d67252add4ac0cd9811b04d61123054b9fb6f57df6e9e", size = 156997, upload-time = "2026-01-28T18:15:27.794Z" },
    { url = "https://files.pythonhosted.org/packages/8e/13/125093eadae863ce03c6ffdbae9929430d116a246ef69866dad94da3bfbc/psutil-7.2.2-cp36-abi3-musllinux_1_2_aarch64.whl", hash = "sha256:fd04ef36b4a6d599bbdb225dd1d3f51e00105f6d48a28f006da7f9822f2606d8", size = 148972, upload-time = "2026-01-28T18:15:29.342Z" },
    { url = "https://files.pythonhosted.org/packages/04/78/0acd37ca84ce3ddffaa92ef0f571e073faa6d8ff1f0559ab1272188ea2be/psutil-7.2.2-cp36-abi3-musllinux_1_2_x86_64.whl", hash = "sha256:b58fabe35e80b264a4e3bb23e6b96f9e45a3df7fb7eed419ac0e5947c61e47cc", size = 148266, upload-time = "2026-01-28T18:15:31.597Z" },
    { url = "https://files.pythonhosted.org/packages/b4/90/e2159492b5426be0c1fef7acba807a03511f97c5f86b3caeda6ad92351a7/psutil-7.2.2-cp37-abi3-win_amd64.whl", hash = "sha256:eb7e81434c8d223ec4a219b5fc1c47d0417b12be7ea866e24fb5ad6e84b3d988", size = 137737, upload-time = "2026-01-28T18:15:33.849Z" },
    { url = "https://files.pythonhosted.org/packages/8c/c7/7bb2e321574b10df20cbde462a94e2b71d05f9bbda251ef27d104668306a/psutil-7.2.2-cp37-abi3-win_arm64.whl", hash = "sha256:8c233660f575a5a89e6d4cb65d9f938126312bca76d8fe087b947b3a1aaac9ee", size = 134617, upload-time = "2026-01-28T18:15:36.514Z" },
]

[[package]]
name = "pycaw"
version = "20260921"
source = { registry = "https://pypi.org/simple" }
dependencies = [
    { name = "comtypes" },
    { name = "psutil" },
]
sdist = { url = "https://files.pythonhosted.org/packages/35/a3/49077ccfeddd0d6bcd05a384792b19df34d840dbf6ca7f306c4e312a2fb6/pycaw-20260921.tar.gz", hash = "sha256:48decedfbb5e0654d983b6b1876b4cef14dbfe62c943d7c8d8370fe343f95901", size = 27384, upload-time = "2026-09-21T20:59:05.972Z" }
wheels = [
    { url = "https://files.pythonhosted.org/packages/9f/a1/3ef4af478c1766a964b71447719146a2289d2969368fd40f48e31b6016d4/pycaw-20260921-py3-none-any.whl", hash = "sha256:f75128111d99195e5fe4f08f0bbd36d36cede1b339c6a8441f81bfd19379571d", size = 27553, upload-time = "2026-09-21T20:59:04.929Z" },
]

[[package]]
name = "pygments"
version = "2.21.0"
source = { registry = "https://pypi.org/simple" }
sdist = { url = "https://files.pythonhosted.org/packages/49/2e/ced460408999b33da6b31b0021b0f37d329e202d4169aeb164493778f25b/pygments-2.21.0.tar.gz", hash = "sha256:610ca751c9bc2492b38eb9a38a7fbc93edbbb2d7182edaf34e66ae493dee5c8c", size = 5005329, upload-time = "2026-08-17T08:02:48.824Z" }
wheels = [
    { url = "https://files.pythonhosted.org/packages/71/46/17f022dd3e953bf20a04a028a21ec746d942f8d2af30fa0f124fa0e6a684/pygments-2.21.0-py3-none-any.whl", hash = "sha256:2363c69b61c4a97c838da3b130dcd6468f4848992b21a82f2a63ec34377137d9", size = 1250147, upload-time = "2026-08-17T08:02:44.912Z" },
]

[[package]]
name = "pytest"
version = "9.1.1"
source = { registry = "https://pypi.org/simple" }
dependencies = [
    { name = "colorama", marker = "sys_platform == 'win32'" },
    { name = "iniconfig" },
    { name = "packaging" },
    { name = "pluggy" },
    { name = "pygments" },
]
sdist = { url = "https://files.pythonhosted.org/packages/e4/47/b9efed96c114afcfa3c9d3fe98a76a1d14c74a9e266d397cf6eb64be5e01/pytest-9.1.1.tar.gz", hash = "sha256:1088fbde8f2b49d95a549a195707afa7a76a3ce9bcadc26b6d71f0ffda5fe313", size = 1636369, upload-time = "2026-06-19T10:58:32.857Z" }
wheels = [
    { url = "https://files.pythonhosted.org/packages/24/25/1de2678b631f5a49215c6c96fff41ba892b0a34df68d6d80292b1b48aa7f/pytest-9.1.1-py3-none-any.whl", hash = "sha256:37a86b45efb9a47a61a36449063e8e18d0cab3161329fc099eb21783169c4f0c", size = 386536, upload-time = "2026-06-19T10:58:31.347Z" },
]

[[package]]
name = "pytest-cov"
version = "7.1.0"
source = { registry = "https://pypi.org/simple" }
dependencies = [
    { name = "coverage" },
    { name = "pluggy" },
    { name = "pytest" },
]
sdist = { url = "https://files.pythonhosted.org/packages/b1/51/a849f96e117386044471c8ec2bd6cfebacda285da9525c9106aeb28da671/pytest_cov-7.1.0.tar.gz", hash = "sha256:30674f2b5f6351aa09702a9c8c364f6a01c27aae0c1366ae8016160d1efc56b2", size = 55592, upload-time = "2026-03-21T20:11:16.284Z" }
wheels = [
    { url = "https://files.pythonhosted.org/packages/9d/7a/d968e294073affff457b041c2be9868a40c1c71f4a35fcc1e45e5493067b/pytest_cov-7.1.0-py3-none-any.whl", hash = "sha256:a0461110b7865f9a271aa1b51e516c9a95de9d696734a2f71e3e78f46e1d4678", size = 22876, upload-time = "2026-03-21T20:11:14.438Z" },
]

[[package]]
name = "send2trash"
version = "2.1.0"
source = { registry = "https://pypi.org/simple" }
sdist = { url = "https://files.pythonhosted.org/packages/c5/f0/184b4b5f8d00f2a92cf96eec8967a3d550b52cf94362dad1100df9e48d57/send2trash-2.1.0.tar.gz", hash = "sha256:1c72b39f09457db3c05ce1d19158c2cbef4c32b8bedd02c155e49282b7ea7459", size = 17255, upload-time = "2026-01-14T06:27:36.056Z" }
wheels = [
    { url = "https://files.pythonhosted.org/packages/1c/78/504fdd027da3b84ff1aecd9f6957e65f35134534ccc6da8628eb71e76d3f/send2trash-2.1.0-py3-none-any.whl", hash = "sha256:0da2f112e6d6bb22de6aa6daa7e144831a4febf2a87261451c4ad849fe9a873c", size = 17610, upload-time = "2026-01-14T06:27:35.218Z" },
]
